// !$*UTF8*$!
{
	archiveVersion = 1;
	classes = {
	};
	objectVersion = 46;
	objects = {

/* Begin PBXBuildFile section */
		EA2742B11EC916F5006DB01B /* PlaySoundViewController.swift in Sources */ = {isa = PBXBuildFile; fileRef = EA2742B01EC916F5006DB01B /* PlaySoundViewController.swift */; };
		EA2742B91EC96CDC006DB01B /* PlaySoundViewController+Audio.swift in Sources */ = {isa = PBXBuildFile; fileRef = EA2742B81EC96CDC006DB01B /* PlaySoundViewController+Audio.swift */; };
		EAE3242E1EC7F2CF00858EC5 /* AppDelegate.swift in Sources */ = {isa = PBXBuildFile; fileRef = EAE3242D1EC7F2CF00858EC5 /* AppDelegate.swift */; };
		EAE324301EC7F2CF00858EC5 /* RecordSoundsViewController.swift in Sources */ = {isa = PBXBuildFile; fileRef = EAE3242F1EC7F2CF00858EC5 /* RecordSoundsViewController.swift */; };
		EAE324331EC7F2CF00858EC5 /* Main.storyboard in Resources */ = {isa = PBXBuildFile; fileRef = EAE324311EC7F2CF00858EC5 /* Main.storyboard */; };
		EAE324351EC7F2CF00858EC5 /* Assets.xcassets in Resources */ = {isa = PBXBuildFile; fileRef = EAE324341EC7F2CF00858EC5 /* Assets.xcassets */; };
		EAE324381EC7F2CF00858EC5 /* LaunchScreen.storyboard in Resources */ = {isa = PBXBuildFile; fileRef = EAE324361EC7F2CF00858EC5 /* LaunchScreen.storyboard */; };
/* End PBXBuildFile section */

/* Begin PBXFileReference section */
		EA2742B01EC916F5006DB01B /* PlaySoundViewController.swift */ = {isa = PBXFileReference; fileEncoding = 4; lastKnownFileType = sourcecode.swift; path = PlaySoundViewController.swift; sourceTree = "<group>"; };
		EA2742B81EC96CDC006DB01B /* PlaySoundViewController+Audio.swift */ = {isa = PBXFileReference; fileEncoding = 4; lastKnownFileType = sourcecode.swift; path = "PlaySoundViewController+Audio.swift"; sourceTree = "<group>"; };
		EAE3242A1EC7F2CF00858EC5 /* PitchPerfect.app */ = {isa = PBXFileReference; explicitFileType = wrapper.application; includeInIndex = 0; path = PitchPerfect.app; sourceTree = BUILT_PRODUCTS_DIR; };
		EAE3242D1EC7F2CF00858EC5 /* AppDelegate.swift */ = {isa = PBXFileReference; lastKnownFileType = sourcecode.swift; path = AppDelegate.swift; sourceTree = "<group>"; };
		EAE3242F1EC7F2CF00858EC5 /* RecordSoundsViewController.swift */ = {isa = PBXFileReference; lastKnownFileType = sourcecode.swift; path = RecordSoundsViewController.swift; sourceTree = "<group>"; };
		EAE324321EC7F2CF00858EC5 /* Base */ = {isa = PBXFileReference; lastKnownFileType = file.storyboard; name = Base; path = Base.lproj/Main.storyboard; sourceTree = "<group>"; };
		EAE324341EC7F2CF00858EC5 /* Assets.xcassets */ = {isa = PBXFileReference; lastKnownFileType = folder.assetcatalog; path = Assets.xcassets; sourceTree = "<group>"; };
		EAE324371EC7F2CF00858EC5 /* Base */ = {isa = PBXFileReference; lastKnownFileType = file.storyboard; name = Base; path = Base.lproj/LaunchScreen.storyboard; sourceTree = "<group>"; };
		EAE324391EC7F2CF00858EC5 /* Info.plist */ = {isa = PBXFileReference; lastKnownFileType = text.plist.xml; path = Info.plist; sourceTree = "<group>"; };
/* End PBXFileReference section */

/* Begin PBXFrameworksBuildPhase section */
		EAE324271EC7F2CF00858EC5 /* Frameworks */ = {
			isa = PBXFrameworksBuildPhase;
			buildActionMask = 2147483647;
			files = (
			);
			runOnlyForDeploymentPostprocessing = 0;
		};
/* End PBXFrameworksBuildPhase section */

/* Begin PBXGroup section */
		EAE324211EC7F2CF00858EC5 = {
			isa = PBXGroup;
			children = (
				EAE3242C1EC7F2CF00858EC5 /* PitchPerfect */,
				EAE3242B1EC7F2CF00858EC5 /* Products */,
			);
			sourceTree = "<group>";
		};
		EAE3242B1EC7F2CF00858EC5 /* Products */ = {
			isa = PBXGroup;
			children = (
				EAE3242A1EC7F2CF00858EC5 /* PitchPerfect.app */,
			);
			name = Products;
			sourceTree = "<group>";
		};
		EAE3242C1EC7F2CF00858EC5 /* PitchPerfect */ = {
			isa = PBXGroup;
			children = (
				EAE3242D1EC7F2CF00858EC5 /* AppDelegate.swift */,
				EAE3242F1EC7F2CF00858EC5 /* RecordSoundsViewController.swift */,
				EAE324311EC7F2CF00858EC5 /* Main.storyboard */,
				EAE324341EC7F2CF00858EC5 /* Assets.xcassets */,
				EAE324361EC7F2CF00858EC5 /* LaunchScreen.storyboard */,
				EAE324391EC7F2CF00858EC5 /* Info.plist */,
				EA2742B01EC916F5006DB01B /* PlaySoundViewController.swift */,
				EA2742B81EC96CDC006DB01B /* PlaySoundViewController+Audio.swift */,
			);
			path = PitchPerfect;
			sourceTree = "<group>";
		};
/* End PBXGroup section */

/* Begin PBXNativeTarget section */
		EAE324291EC7F2CF00858EC5 /* PitchPerfect */ = {
			isa = PBXNativeTarget;
			buildConfigurationList = EAE3243C1EC7F2CF00858EC5 /* Build configuration list for PBXNativeTarget "PitchPerfect" */;
			buildPhases = (
				EAE324261EC7F2CF00858EC5 /* Sources */,
				EAE324271EC7F2CF00858EC5 /* Frameworks */,
				EAE324281EC7F2CF00858EC5 /* Resources */,
			);
			buildRules = (
			);
			dependencies = (
			);
			name = PitchPerfect;
			productName = PitchPerfect;
			productReference = EAE3242A1EC7F2CF00858EC5 /* PitchPerfect.app */;
			productType = "com.apple.product-type.application";
		};
/* End PBXNativeTarget section */

/* Begin PBXProject section */
		EAE324221EC7F2CF00858EC5 /* Project object */ = {
			isa = PBXProject;
			attributes = {
				LastSwiftUpdateCheck = 0830;
				LastUpgradeCheck = 0830;
				ORGANIZATIONNAME = "Tony Chen";
				TargetAttributes = {
					EAE324291EC7F2CF00858EC5 = {
						CreatedOnToolsVersion = 8.3.2;
						DevelopmentTeam = PXATH59SUB;
						ProvisioningStyle = Automatic;
					};
				};
			};
			buildConfigurationList = EAE324251EC7F2CF00858EC5 /* Build configuration list for PBXProject "PitchPerfect" */;
			compatibilityVersion = "Xcode 3.2";
			developmentRegion = English;
			hasScannedForEncodings = 0;
			knownRegions = (
				en,
				Base,
			);
			mainGroup = EAE324211EC7F2CF00858EC5;
			productRefGroup = EAE3242B1EC7F2CF00858EC5 /* Products */;
			projectDirPath = "";
			projectRoot = "";
			targets = (
				EAE324291EC7F2CF00858EC5 /* PitchPerfect */,
			);
		};
/* End PBXProject section */

/* Begin PBXResourcesBuildPhase section */
		EAE324281EC7F2CF00858EC5 /* Resources */ = {
			isa = PBXResourcesBuildPhase;
			buildActionMask = 2147483647;
			files = (
				EAE324381EC7F2CF00858EC5 /* LaunchScreen.storyboard in Resources */,
				EAE324351EC7F2CF00858EC5 /* Assets.xcassets in Resources */,
				EAE324331EC7F2CF00858EC5 /* Main.storyboard in Resources */,
			);
			runOnlyForDeploymentPostprocessing = 0;
		};
/* End PBXResourcesBuildPhase section */

/* Begin PBXSourcesBuildPhase section */
		EAE324261EC7F2CF00858EC5 /* Sources */ = {
			isa = PBXSourcesBuildPhase;
			buildActionMask = 2147483647;
			files = (
				EAE324301EC7F2CF00858EC5 /* RecordSoundsViewController.swift in Sources */,
				EA2742B91EC96CDC006DB01B /* PlaySoundViewController+Audio.swift in Sources */,
				EA2742B11EC916F5006DB01B /* PlaySoundViewController.swift in Sources */,
				EAE3242E1EC7F2CF00858EC5 /* AppDelegate.swift in Sources */,
			);
			runOnlyForDeploymentPostprocessing = 0;
		};
/* End PBXSourcesBuildPhase section */

/* Begin PBXVariantGroup section */
		EAE324311EC7F2CF00858EC5 /* Main.storyboard */ = {
			isa = PBXVariantGroup;
			children = (
				EAE324321EC7F2CF00858EC5 /* Base */,
			);
			name = Main.storyboard;
			sourceTree = "<group>";
		};
		EAE324361EC7F2CF00858EC5 /* LaunchScreen.storyboard */ = {
			isa = PBXVariantGroup;
			children = (
				EAE324371EC7F2CF00858EC5 /* Base */,
			);
			name = LaunchScreen.storyboard;
			sourceTree = "<group>";
		};
/* End PBXVariantGroup section */

/* Begin XCBuildConfiguration section */
		EAE3243A1EC7F2CF00858EC5 /* Debug */ = {
			isa = XCBuildConfiguration;
			buildSettings = {
				ALWAYS_SEARCH_USER_PATHS = NO;
				CLANG_ANALYZER_NONNULL = YES;
				CLANG_ANALYZER_NUMBER_OBJECT_CONVERSION = YES_AGGRESSIVE;
				CLANG_CXX_LANGUAGE_STANDARD = "gnu++0x";
				CLANG_CXX_LIBRARY = "libc++";
				CLANG_ENABLE_MODULES = YES;
				CLANG_ENABLE_OBJC_ARC = YES;
				CLANG_WARN_BOOL_CONVERSION = YES;
				CLANG_WARN_CONSTANT_CONVERSION = YES;
				CLANG_WARN_DIRECT_OBJC_ISA_USAGE = YES_ERROR;
				CLANG_WARN_DOCUMENTATION_COMMENTS = YES;
				CLANG_WARN_EMPTY_BODY = YES;
				CLANG_WARN_ENUM_CONVERSION = YES;
				CLANG_WARN_INFINITE_RECURSION = YES;
				CLANG_WARN_INT_CONVERSION = YES;
				CLANG_WARN_OBJC_ROOT_CLASS = YES_ERROR;
				CLANG_WARN_SUSPICIOUS_MOVE = YES;
				CLANG_WARN_UNREACHABLE_CODE = YES;
				CLANG_WARN__DUPLICATE_METHOD_MATCH = YES;
				"CODE_SIGN_IDENTITY[sdk=iphoneos*]" = "iPhone Developer";
				COPY_PHASE_STRIP = NO;
				DEBUG_INFORMATION_FORMAT = dwarf;
				ENABLE_STRICT_OBJC_MSGSEND = YES;
				ENABLE_TESTABILITY = YES;
				GCC_C_LANGUAGE_STANDARD = gnu99;
				GCC_DYNAMIC_NO_PIC = NO;
				GCC_NO_COMMON_BLOCKS = YES;
				GCC_OPTIMIZATION_LEVEL = 0;
				GCC_PREPROCESSOR_DEFINITIONS = (
					"DEBUG=1",
					"$(inherited)",
				);
				GCC_WARN_64_TO_32_BIT_CONVERSION = YES;
				GCC_WARN_ABOUT_RETURN_TYPE = YES_ERROR;
				GCC_WARN_UNDECLARED_SELECTOR = YES;
				GCC_WARN_UNINITIALIZED_AUTOS = YES_AGGRESSIVE;
				GCC_WARN_UNUSED_FUNCTION = YES;
				GCC_WARN_UNUSED_VARIABLE = YES;
				IPHONEOS_DEPLOYMENT_TARGET = 10.3;
				MTL_ENABLE_DEBUG_INFO = YES;
				ONLY_ACTIVE_ARCH = YES;
				SDKROOT = iphoneos;
				SWIFT_ACTIVE_COMPILATION_CONDITIONS = DEBUG;
				SWIFT_OPTIMIZATION_LEVEL = "-Onone";
				TARGETED_DEVICE_FAMILY = "1,2";
			};
			name = Debug;
		};
		EAE3243B1EC7F2CF00858EC5 /* Release */ = {
			isa = XCBuildConfiguration;
			buildSettings = {
				ALWAYS_SEARCH_USER_PATHS = NO;
				CLANG_ANALYZER_NONNULL = YES;
				CLANG_ANALYZER_NUMBER_OBJECT_CONVERSION = YES_AGGRESSIVE;
				CLANG_CXX_LANGUAGE_STANDARD = "gnu++0x";
				CLANG_CXX_LIBRARY = "libc++";
				CLANG_ENABLE_MODULES = YES;
				CLANG_ENABLE_OBJC_ARC = YES;
				CLANG_WARN_BOOL_CONVERSION = YES;
				CLANG_WARN_CONSTANT_CONVERSION = YES;
				CLANG_WARN_DIRECT_OBJC_ISA_USAGE = YES_ERROR;
				CLANG_WARN_DOCUMENTATION_COMMENTS = YES;
				CLANG_WARN_EMPTY_BODY = YES;
				CLANG_WARN_ENUM_CONVERSION = YES;
				CLANG_WARN_INFINITE_RECURSION = YES;
				CLANG_WARN_INT_CONVERSION = YES;
				CLANG_WARN_OBJC_ROOT_CLASS = YES_ERROR;
				CLANG_WARN_SUSPICIOUS_MOVE = YES;
				CLANG_WARN_UNREACHABLE_CODE = YES;
				CLANG_WARN__DUPLICATE_METHOD_MATCH = YES;
				"CODE_SIGN_IDENTITY[sdk=iphoneos*]" = "iPhone Developer";
				COPY_PHASE_STRIP = NO;
				DEBUG_INFORMATION_FORMAT = "dwarf-with-dsym";
				ENABLE_NS_ASSERTIONS = NO;
				ENABLE_STRICT_OBJC_MSGSEND = YES;
				GCC_C_LANGUAGE_STANDARD = gnu99;
				GCC_NO_COMMON_BLOCKS = YES;
				GCC_WARN_64_TO_32_BIT_CONVERSION = YES;
				GCC_WARN_ABOUT_RETURN_TYPE = YES_ERROR;
				GCC_WARN_UNDECLARED_SELECTOR = YES;
				GCC_WARN_UNINITIALIZED_AUTOS = YES_AGGRESSIVE;
				GCC_WARN_UNUSED_FUNCTION = YES;
				GCC_WARN_UNUSED_VARIABLE = YES;
				IPHONEOS_DEPLOYMENT_TARGET = 10.3;
				MTL_ENABLE_DEBUG_INFO = NO;
				SDKROOT = iphoneos;
				SWIFT_OPTIMIZATION_LEVEL = "-Owholemodule";
				TARGETED_DEVICE_FAMILY = "1,2";
				VALIDATE_PRODUCT = YES;
			};
			name = Release;
		};
		EAE3243D1EC7F2CF00858EC5 /* Debug */ = {
			isa = XCBuildConfiguration;
			buildSettings = {
				ASSETCATALOG_COMPILER_APPICON_NAME = AppIcon;
				DEVELOPMENT_TEAM = PXATH59SUB;
				INFOPLIST_FILE = PitchPerfect/Info.plist;
				LD_RUNPATH_SEARCH_PATHS = "$(inherited) @executable_path/Frameworks";
				PRODUCT_BUNDLE_IDENTIFIER = com.TonyChen.PitchPerfect;
				PRODUCT_NAME = "$(TARGET_NAME)";
				SWIFT_VERSION = 3.0;
			};
			name = Debug;
		};
		EAE3243E1EC7F2CF00858EC5 /* Release */ = {
			isa = XCBuildConfiguration;
			buildSettings = {
				ASSETCATALOG_COMPILER_APPICON_NAME = AppIcon;
				DEVELOPMENT_TEAM = PXATH59SUB;
				INFOPLIST_FILE = PitchPerfect/Info.plist;
				LD_RUNPATH_SEARCH_PATHS = "$(inherited) @executable_path/Frameworks";
				PRODUCT_BUNDLE_IDENTIFIER = com.TonyChen.PitchPerfect;
				PRODUCT_NAME = "$(TARGET_NAME)";
				SWIFT_VERSION = 3.0;
			};
			name = Release;
		};
/* End XCBuildConfiguration section */

/* Begin XCConfigurationList section */
		EAE324251EC7F2CF00858EC5 /* Build configuration list for PBXProject "PitchPerfect" */ = {
			isa = XCConfigurationList;
			buildConfigurations = (
				EAE3243A1EC7F2CF00858EC5 /* Debug */,
				EAE3243B1EC7F2CF00858EC5 /* Release */,
			);
			defaultConfigurationIsVisible = 0;
			defaultConfigurationName = Release;
		};
		EAE3243C1EC7F2CF00858EC5 /* Build configuration list for PBXNativeTarget "PitchPerfect" */ = {
			isa = XCConfigurationList;
			buildConfigurations = (
				EAE3243D1EC7F2CF00858EC5 /* Debug */,
				EAE3243E1EC7F2CF00858EC5 /* Release */,
			);
			defaultConfigurationIsVisible = 0;
			defaultConfigurationName = Release;
		};
/* End XCConfigurationList section */
	};
	rootObject = EAE324221EC7F2CF00858EC5 /* Project object */;
}
